
Microsoft Visual Studio Solution File, Format Version 12.00
# Visual Studio Version 17
VisualStudioVersion = 17.5.33627.172
MinimumVisualStudioVersion = 10.0.40219.1
Project("{9A19103F-16F7-4668-BE54-9A1E7A4F7556}") = "CadmusIngraApi", "CadmusIngraApi\CadmusIngraApi.csproj", "{793BC9D2-129D-44A9-B62B-2772BE34A3DA}"
EndProject
Project("{2150E333-8FDC-42A3-9474-1A3956D46DE8}") = "Solution Items", "Solution Items", "{E27F2C48-7355-4776-A8FB-76DE399D31F4}"
	ProjectSection(SolutionItems) = preProject
		docker-compose.yml = docker-compose.yml
		Dockerfile = Dockerfile
		README.md = README.md
	EndProjectSection
EndProject
Global
	GlobalSection(SolutionConfigurationPlatforms) = preSolution
		Debug|Any CPU = Debug|Any CPU
		Release|Any CPU = Release|Any CPU
	EndGlobalSection
	GlobalSection(ProjectConfigurationPlatforms) = postSolution
		{793BC9D2-129D-44A9-B62B-2772BE34A3DA}.Debug|Any CPU.ActiveCfg = Debug|Any CPU
		{793BC9D2-129D-44A9-B62B-2772BE34A3DA}.Debug|Any CPU.Build.0 = Debug|Any CPU
		{793BC9D2-129D-44A9-B62B-2772BE34A3DA}.Release|Any CPU.ActiveCfg = Release|Any CPU
		{793BC9D2-129D-44A9-B62B-2772BE34A3DA}.Release|Any CPU.Build.0 = Release|Any CPU
	EndGlobalSection
	GlobalSection(SolutionProperties) = preSolution
		HideSolutionNode = FALSE
	EndGlobalSection
	GlobalSection(ExtensibilityGlobals) = postSolution
		SolutionGuid = {D0A2422F-763C-44C2-B987-65A8F0B13437}
	EndGlobalSection
EndGlobal
